
Microsoft Visual Studio Solution File, Format Version 12.00
# Visual Studio Version 17
VisualStudioVersion = 17.0.31903.59
MinimumVisualStudioVersion = 10.0.40219.1
Project("{2150E333-8FDC-42A3-9474-1A3956D46DE8}") = "src", "src", "{827E0CD3-B72D-47B6-A68D-7590B98EB39B}"
EndProject
Project("{FAE04EC0-301F-11D3-BF4B-00C04F79EFBC}") = "Saki.Core", "src\Saki.Core\Saki.Core.csproj", "{FCA746AD-6ED0-4E49-8902-C1B38B30DDA1}"
EndProject
Project("{FAE04EC0-301F-11D3-BF4B-00C04F79EFBC}") = "Saki.Terminal", "src\Saki.Terminal\Saki.Terminal.csproj", "{09B3D8D9-0B42-4469-A61E-F7C554EA2542}"
EndProject
Global
	GlobalSection(SolutionConfigurationPlatforms) = preSolution
		Debug|Any CPU = Debug|Any CPU
		Debug|x64 = Debug|x64
		Debug|x86 = Debug|x86
		Release|Any CPU = Release|Any CPU
		Release|x64 = Release|x64
		Release|x86 = Release|x86
	EndGlobalSection
	GlobalSection(ProjectConfigurationPlatforms) = postSolution
		{FCA746AD-6ED0-4E49-8902-C1B38B30DDA1}.Debug|Any CPU.ActiveCfg = Debug|Any CPU
		{FCA746AD-6ED0-4E49-8902-C1B38B30DDA1}.Debug|Any CPU.Build.0 = Debug|Any CPU
		{FCA746AD-6ED0-4E49-8902-C1B38B30DDA1}.Debug|x64.ActiveCfg = Debug|Any CPU
		{FCA746AD-6ED0-4E49-8902-C1B38B30DDA1}.Debug|x64.Build.0 = Debug|Any CPU
		{FCA746AD-6ED0-4E49-8902-C1B38B30DDA1}.Debug|x86.ActiveCfg = Debug|Any CPU
		{FCA746AD-6ED0-4E49-8902-C1B38B30DDA1}.Debug|x86.Build.0 = Debug|Any CPU
		{FCA746AD-6ED0-4E49-8902-C1B38B30DDA1}.Release|Any CPU.ActiveCfg = Release|Any CPU
		{FCA746AD-6ED0-4E49-8902-C1B38B30DDA1}.Release|Any CPU.Build.0 = Release|Any CPU
		{FCA746AD-6ED0-4E49-8902-C1B38B30DDA1}.Release|x64.ActiveCfg = Release|Any CPU
		{FCA746AD-6ED0-4E49-8902-C1B38B30DDA1}.Release|x64.Build.0 = Release|Any CPU
		{FCA746AD-6ED0-4E49-8902-C1B38B30DDA1}.Release|x86.ActiveCfg = Release|Any CPU
		{FCA746AD-6ED0-4E49-8902-C1B38B30DDA1}.Release|x86.Build.0 = Release|Any CPU
		{09B3D8D9-0B42-4469-A61E-F7C554EA2542}.Debug|Any CPU.ActiveCfg = Debug|Any CPU
		{09B3D8D9-0B42-4469-A61E-F7C554EA2542}.Debug|Any CPU.Build.0 = Debug|Any CPU
		{09B3D8D9-0B42-4469-A61E-F7C554EA2542}.Debug|x64.ActiveCfg = Debug|Any CPU
		{09B3D8D9-0B42-4469-A61E-F7C554EA2542}.Debug|x64.Build.0 = Debug|Any CPU
		{09B3D8D9-0B42-4469-A61E-F7C554EA2542}.Debug|x86.ActiveCfg = Debug|Any CPU
		{09B3D8D9-0B42-4469-A61E-F7C554EA2542}.Debug|x86.Build.0 = Debug|Any CPU
		{09B3D8D9-0B42-4469-A61E-F7C554EA2542}.Release|Any CPU.ActiveCfg = Release|Any CPU
		{09B3D8D9-0B42-4469-A61E-F7C554EA2542}.Release|Any CPU.Build.0 = Release|Any CPU
		{09B3D8D9-0B42-4469-A61E-F7C554EA2542}.Release|x64.ActiveCfg = Release|Any CPU
		{09B3D8D9-0B42-4469-A61E-F7C554EA2542}.Release|x64.Build.0 = Release|Any CPU
		{09B3D8D9-0B42-4469-A61E-F7C554EA2542}.Release|x86.ActiveCfg = Release|Any CPU
		{09B3D8D9-0B42-4469-A61E-F7C554EA2542}.Release|x86.Build.0 = Release|Any CPU
	EndGlobalSection
	GlobalSection(SolutionProperties) = preSolution
		HideSolutionNode = FALSE
	EndGlobalSection
	GlobalSection(NestedProjects) = preSolution
		{FCA746AD-6ED0-4E49-8902-C1B38B30DDA1} = {827E0CD3-B72D-47B6-A68D-7590B98EB39B}
		{09B3D8D9-0B42-4469-A61E-F7C554EA2542} = {827E0CD3-B72D-47B6-A68D-7590B98EB39B}
	EndGlobalSection
EndGlobal
